
Microsoft Visual Studio Solution File, Format Version 12.00
# Visual Studio Version 16
VisualStudioVersion = 16.0.30204.135
MinimumVisualStudioVersion = 10.0.40219.1
Project("{FAE04EC0-301F-11D3-BF4B-00C04F79EFBC}") = "Summitive", "Summitive\Summitive.csproj", "{6FF0EE27-3E63-45FE-A286-860052666D00}"
EndProject
Global
	GlobalSection(SolutionConfigurationPlatforms) = preSolution
		Debug|Any CPU = Debug|Any CPU
		Release|Any CPU = Release|Any CPU
	EndGlobalSection
	GlobalSection(ProjectConfigurationPlatforms) = postSolution
		{6FF0EE27-3E63-45FE-A286-860052666D00}.Debug|Any CPU.ActiveCfg = Debug|Any CPU
		{6FF0EE27-3E63-45FE-A286-860052666D00}.Debug|Any CPU.Build.0 = Debug|Any CPU
		{6FF0EE27-3E63-45FE-A286-860052666D00}.Release|Any CPU.ActiveCfg = Release|Any CPU
		{6FF0EE27-3E63-45FE-A286-860052666D00}.Release|Any CPU.Build.0 = Release|Any CPU
	EndGlobalSection
	GlobalSection(SolutionProperties) = preSolution
		HideSolutionNode = FALSE
	EndGlobalSection
	GlobalSection(ExtensibilityGlobals) = postSolution
		SolutionGuid = {2A9C2E3A-FEF2-467E-AAAA-1CDF5FA80D18}
	EndGlobalSection
EndGlobal
